
Microsoft Visual Studio Solution File, Format Version 12.00
# Visual Studio Version 16
VisualStudioVersion = 16.0.31105.61
MinimumVisualStudioVersion = 10.0.40219.1
Project("{9A19103F-16F7-4668-BE54-9A1E7A4F7556}") = "MrBeastFingerApp", "MrBeastFingerApp.csproj", "{80CC401F-4F5C-44A6-A63F-67E6D47C8C2A}"
EndProject
Project("{FAE04EC0-301F-11D3-BF4B-00C04F79EFBC}") = "Mirror3", "..\Mirror3\Mirror3.csproj", "{ED0EFEB9-4189-4485-8DD5-A2B3D811AB6E}"
EndProject
Global
	GlobalSection(SolutionConfigurationPlatforms) = preSolution
		Debug|Any CPU = Debug|Any CPU
		Release|Any CPU = Release|Any CPU
	EndGlobalSection
	GlobalSection(ProjectConfigurationPlatforms) = postSolution
		{80CC401F-4F5C-44A6-A63F-67E6D47C8C2A}.Debug|Any CPU.ActiveCfg = Debug|Any CPU
		{80CC401F-4F5C-44A6-A63F-67E6D47C8C2A}.Debug|Any CPU.Build.0 = Debug|Any CPU
		{80CC401F-4F5C-44A6-A63F-67E6D47C8C2A}.Release|Any CPU.ActiveCfg = Release|Any CPU
		{80CC401F-4F5C-44A6-A63F-67E6D47C8C2A}.Release|Any CPU.Build.0 = Release|Any CPU
		{ED0EFEB9-4189-4485-8DD5-A2B3D811AB6E}.Debug|Any CPU.ActiveCfg = Debug|Any CPU
		{ED0EFEB9-4189-4485-8DD5-A2B3D811AB6E}.Debug|Any CPU.Build.0 = Debug|Any CPU
		{ED0EFEB9-4189-4485-8DD5-A2B3D811AB6E}.Debug|Any CPU.Deploy.0 = Debug|Any CPU
		{ED0EFEB9-4189-4485-8DD5-A2B3D811AB6E}.Release|Any CPU.ActiveCfg = Release|Any CPU
		{ED0EFEB9-4189-4485-8DD5-A2B3D811AB6E}.Release|Any CPU.Build.0 = Release|Any CPU
		{ED0EFEB9-4189-4485-8DD5-A2B3D811AB6E}.Release|Any CPU.Deploy.0 = Release|Any CPU
	EndGlobalSection
	GlobalSection(SolutionProperties) = preSolution
		HideSolutionNode = FALSE
	EndGlobalSection
	GlobalSection(ExtensibilityGlobals) = postSolution
		SolutionGuid = {96E5B60A-96D7-431D-BCC0-BC0EC0AF06CB}
	EndGlobalSection
EndGlobal
